// !$*UTF8*$!
{
	archiveVersion = 1;
	classes = {
	};
	objectVersion = 56;
	objects = {

/* Begin PBXBuildFile section */
		BC3F81962A1A5D4B00C8A958 /* WasteWiseApp.swift in Sources */ = {isa = PBXBuildFile; fileRef = BC3F81952A1A5D4B00C8A958 /* WasteWiseApp.swift */; };
		BC3F81982A1A5D4B00C8A958 /* ContentView.swift in Sources */ = {isa = PBXBuildFile; fileRef = BC3F81972A1A5D4B00C8A958 /* ContentView.swift */; };
		BC3F819A2A1A5D4B00C8A958 /* Assets.xcassets in Resources */ = {isa = PBXBuildFile; fileRef = BC3F81992A1A5D4B00C8A958 /* Assets.xcassets */; };
		BC3F819D2A1A5D4B00C8A958 /* Preview Assets.xcassets in Resources */ = {isa = PBXBuildFile; fileRef = BC3F819C2A1A5D4B00C8A958 /* Preview Assets.xcassets */; };
		BC3F81A72A1A5D4C00C8A958 /* WasteWiseTests.swift in Sources */ = {isa = PBXBuildFile; fileRef = BC3F81A62A1A5D4C00C8A958 /* WasteWiseTests.swift */; };
		BC3F81B12A1A5D4C00C8A958 /* WasteWiseUITests.swift in Sources */ = {isa = PBXBuildFile; fileRef = BC3F81B02A1A5D4C00C8A958 /* WasteWiseUITests.swift */; };
		BC3F81B32A1A5D4C00C8A958 /* WasteWiseUITestsLaunchTests.swift in Sources */ = {isa = PBXBuildFile; fileRef = BC3F81B22A1A5D4C00C8A958 /* WasteWiseUITestsLaunchTests.swift */; };
		BC3F81C02A1A71F100C8A958 /* CameraView.swift in Sources */ = {isa = PBXBuildFile; fileRef = BC3F81BF2A1A71F100C8A958 /* CameraView.swift */; };
		BCE2F8BF2A1C53ED00A3A2F8 /* WastetypeView.swift in Sources */ = {isa = PBXBuildFile; fileRef = BCE2F8BE2A1C53ED00A3A2F8 /* WastetypeView.swift */; };
		BCE2F8C32A1C682700A3A2F8 /* WasteClassifier.mlmodel in Sources */ = {isa = PBXBuildFile; fileRef = BCE2F8C22A1C682700A3A2F8 /* WasteClassifier.mlmodel */; };
		BCE2F8C72A1CBA2300A3A2F8 /* CameraController.swift in Sources */ = {isa = PBXBuildFile; fileRef = BCE2F8C62A1CBA2300A3A2F8 /* CameraController.swift */; };
		BCE2F8CB2A1CBA6800A3A2F8 /* CameraPreview.swift in Sources */ = {isa = PBXBuildFile; fileRef = BCE2F8CA2A1CBA6800A3A2F8 /* CameraPreview.swift */; };
/* End PBXBuildFile section */

/* Begin PBXContainerItemProxy section */
		BC3F81A32A1A5D4B00C8A958 /* PBXContainerItemProxy */ = {
			isa = PBXContainerItemProxy;
			containerPortal = BC3F818A2A1A5D4B00C8A958 /* Project object */;
			proxyType = 1;
			remoteGlobalIDString = BC3F81912A1A5D4B00C8A958;
			remoteInfo = WasteWise;
		};
		BC3F81AD2A1A5D4C00C8A958 /* PBXContainerItemProxy */ = {
			isa = PBXContainerItemProxy;
			containerPortal = BC3F818A2A1A5D4B00C8A958 /* Project object */;
			proxyType = 1;
			remoteGlobalIDString = BC3F81912A1A5D4B00C8A958;
			remoteInfo = WasteWise;
		};
/* End PBXContainerItemProxy section */

/* Begin PBXFileReference section */
		BC3F81922A1A5D4B00C8A958 /* WasteWise.app */ = {isa = PBXFileReference; explicitFileType = wrapper.application; includeInIndex = 0; path = WasteWise.app; sourceTree = BUILT_PRODUCTS_DIR; };
		BC3F81952A1A5D4B00C8A958 /* WasteWiseApp.swift */ = {isa = PBXFileReference; lastKnownFileType = sourcecode.swift; path = WasteWiseApp.swift; sourceTree = "<group>"; };
		BC3F81972A1A5D4B00C8A958 /* ContentView.swift */ = {isa = PBXFileReference; lastKnownFileType = sourcecode.swift; path = ContentView.swift; sourceTree = "<group>"; };
		BC3F81992A1A5D4B00C8A958 /* Assets.xcassets */ = {isa = PBXFileReference; lastKnownFileType = folder.assetcatalog; path = Assets.xcassets; sourceTree = "<group>"; };
		BC3F819C2A1A5D4B00C8A958 /* Preview Assets.xcassets */ = {isa = PBXFileReference; lastKnownFileType = folder.assetcatalog; path = "Preview Assets.xcassets"; sourceTree = "<group>"; };
		BC3F81A22A1A5D4B00C8A958 /* WasteWiseTests.xctest */ = {isa = PBXFileReference; explicitFileType = wrapper.cfbundle; includeInIndex = 0; path = WasteWiseTests.xctest; sourceTree = BUILT_PRODUCTS_DIR; };
		BC3F81A62A1A5D4C00C8A958 /* WasteWiseTests.swift */ = {isa = PBXFileReference; lastKnownFileType = sourcecode.swift; path = WasteWiseTests.swift; sourceTree = "<group>"; };
		BC3F81AC2A1A5D4C00C8A958 /* WasteWiseUITests.xctest */ = {isa = PBXFileReference; explicitFileType = wrapper.cfbundle; includeInIndex = 0; path = WasteWiseUITests.xctest; sourceTree = BUILT_PRODUCTS_DIR; };
		BC3F81B02A1A5D4C00C8A958 /* WasteWiseUITests.swift */ = {isa = PBXFileReference; lastKnownFileType = sourcecode.swift; path = WasteWiseUITests.swift; sourceTree = "<group>"; };
		BC3F81B22A1A5D4C00C8A958 /* WasteWiseUITestsLaunchTests.swift */ = {isa = PBXFileReference; lastKnownFileType = sourcecode.swift; path = WasteWiseUITestsLaunchTests.swift; sourceTree = "<group>"; };
		BC3F81BF2A1A71F100C8A958 /* CameraView.swift */ = {isa = PBXFileReference; lastKnownFileType = sourcecode.swift; path = CameraView.swift; sourceTree = "<group>"; };
		BCE2F8B02A1B673E00A3A2F8 /* Info.plist */ = {isa = PBXFileReference; lastKnownFileType = text.plist; path = Info.plist; sourceTree = "<group>"; };
		BCE2F8BE2A1C53ED00A3A2F8 /* WastetypeView.swift */ = {isa = PBXFileReference; lastKnownFileType = sourcecode.swift; path = WastetypeView.swift; sourceTree = "<group>"; };
		BCE2F8C22A1C682700A3A2F8 /* WasteClassifier.mlmodel */ = {isa = PBXFileReference; lastKnownFileType = file.mlmodel; path = WasteClassifier.mlmodel; sourceTree = "<group>"; };
		BCE2F8C62A1CBA2300A3A2F8 /* CameraController.swift */ = {isa = PBXFileReference; lastKnownFileType = sourcecode.swift; path = CameraController.swift; sourceTree = "<group>"; };
		BCE2F8CA2A1CBA6800A3A2F8 /* CameraPreview.swift */ = {isa = PBXFileReference; lastKnownFileType = sourcecode.swift; path = CameraPreview.swift; sourceTree = "<group>"; };
/* End PBXFileReference section */

/* Begin PBXFrameworksBuildPhase section */
		BC3F818F2A1A5D4B00C8A958 /* Frameworks */ = {
			isa = PBXFrameworksBuildPhase;
			buildActionMask = 2147483647;
			files = (
			);
			runOnlyForDeploymentPostprocessing = 0;
		};
		BC3F819F2A1A5D4B00C8A958 /* Frameworks */ = {
			isa = PBXFrameworksBuildPhase;
			buildActionMask = 2147483647;
			files = (
			);
			runOnlyForDeploymentPostprocessing = 0;
		};
		BC3F81A92A1A5D4C00C8A958 /* Frameworks */ = {
			isa = PBXFrameworksBuildPhase;
			buildActionMask = 2147483647;
			files = (
			);
			runOnlyForDeploymentPostprocessing = 0;
		};
/* End PBXFrameworksBuildPhase section */

/* Begin PBXGroup section */
		BC3F81892A1A5D4B00C8A958 = {
			isa = PBXGroup;
			children = (
				BC3F81942A1A5D4B00C8A958 /* WasteWise */,
				BC3F81A52A1A5D4C00C8A958 /* WasteWiseTests */,
				BC3F81AF2A1A5D4C00C8A958 /* WasteWiseUITests */,
				BC3F81932A1A5D4B00C8A958 /* Products */,
			);
			sourceTree = "<group>";
		};
		BC3F81932A1A5D4B00C8A958 /* Products */ = {
			isa = PBXGroup;
			children = (
				BC3F81922A1A5D4B00C8A958 /* WasteWise.app */,
				BC3F81A22A1A5D4B00C8A958 /* WasteWiseTests.xctest */,
				BC3F81AC2A1A5D4C00C8A958 /* WasteWiseUITests.xctest */,
			);
			name = Products;
			sourceTree = "<group>";
		};
		BC3F81942A1A5D4B00C8A958 /* WasteWise */ = {
			isa = PBXGroup;
			children = (
				BCE2F8C92A1CBA5C00A3A2F8 /* CameraViews */,
				BCE2F8C82A1CBA3100A3A2F8 /* CameraViewModel */,
				BCE2F8B02A1B673E00A3A2F8 /* Info.plist */,
				BC3F81952A1A5D4B00C8A958 /* WasteWiseApp.swift */,
				BC3F81972A1A5D4B00C8A958 /* ContentView.swift */,
				BC3F81BF2A1A71F100C8A958 /* CameraView.swift */,
				BCE2F8BE2A1C53ED00A3A2F8 /* WastetypeView.swift */,
				BC3F81992A1A5D4B00C8A958 /* Assets.xcassets */,
				BCE2F8C22A1C682700A3A2F8 /* WasteClassifier.mlmodel */,
				BC3F819B2A1A5D4B00C8A958 /* Preview Content */,
			);
			path = WasteWise;
			sourceTree = "<group>";
		};
		BC3F819B2A1A5D4B00C8A958 /* Preview Content */ = {
			isa = PBXGroup;
			children = (
				BC3F819C2A1A5D4B00C8A958 /* Preview Assets.xcassets */,
			);
			path = "Preview Content";
			sourceTree = "<group>";
		};
		BC3F81A52A1A5D4C00C8A958 /* WasteWiseTests */ = {
			isa = PBXGroup;
			children = (
				BC3F81A62A1A5D4C00C8A958 /* WasteWiseTests.swift */,
			);
			path = WasteWiseTests;
			sourceTree = "<group>";
		};
		BC3F81AF2A1A5D4C00C8A958 /* WasteWiseUITests */ = {
			isa = PBXGroup;
			children = (
				BC3F81B02A1A5D4C00C8A958 /* WasteWiseUITests.swift */,
				BC3F81B22A1A5D4C00C8A958 /* WasteWiseUITestsLaunchTests.swift */,
			);
			path = WasteWiseUITests;
			sourceTree = "<group>";
		};
		BCE2F8C82A1CBA3100A3A2F8 /* CameraViewModel */ = {
			isa = PBXGroup;
			children = (
				BCE2F8C62A1CBA2300A3A2F8 /* CameraController.swift */,
			);
			path = CameraViewModel;
			sourceTree = "<group>";
		};
		BCE2F8C92A1CBA5C00A3A2F8 /* CameraViews */ = {
			isa = PBXGroup;
			children = (
				BCE2F8CA2A1CBA6800A3A2F8 /* CameraPreview.swift */,
			);
			path = CameraViews;
			sourceTree = "<group>";
		};
/* End PBXGroup section */

/* Begin PBXNativeTarget section */
		BC3F81912A1A5D4B00C8A958 /* WasteWise */ = {
			isa = PBXNativeTarget;
			buildConfigurationList = BC3F81B62A1A5D4C00C8A958 /* Build configuration list for PBXNativeTarget "WasteWise" */;
			buildPhases = (
				BC3F818E2A1A5D4B00C8A958 /* Sources */,
				BC3F818F2A1A5D4B00C8A958 /* Frameworks */,
				BC3F81902A1A5D4B00C8A958 /* Resources */,
			);
			buildRules = (
			);
			dependencies = (
			);
			name = WasteWise;
			productName = WasteWise;
			productReference = BC3F81922A1A5D4B00C8A958 /* WasteWise.app */;
			productType = "com.apple.product-type.application";
		};
		BC3F81A12A1A5D4B00C8A958 /* WasteWiseTests */ = {
			isa = PBXNativeTarget;
			buildConfigurationList = BC3F81B92A1A5D4C00C8A958 /* Build configuration list for PBXNativeTarget "WasteWiseTests" */;
			buildPhases = (
				BC3F819E2A1A5D4B00C8A958 /* Sources */,
				BC3F819F2A1A5D4B00C8A958 /* Frameworks */,
				BC3F81A02A1A5D4B00C8A958 /* Resources */,
			);
			buildRules = (
			);
			dependencies = (
				BC3F81A42A1A5D4B00C8A958 /* PBXTargetDependency */,
			);
			name = WasteWiseTests;
			productName = WasteWiseTests;
			productReference = BC3F81A22A1A5D4B00C8A958 /* WasteWiseTests.xctest */;
			productType = "com.apple.product-type.bundle.unit-test";
		};
		BC3F81AB2A1A5D4C00C8A958 /* WasteWiseUITests */ = {
			isa = PBXNativeTarget;
			buildConfigurationList = BC3F81BC2A1A5D4C00C8A958 /* Build configuration list for PBXNativeTarget "WasteWiseUITests" */;
			buildPhases = (
				BC3F81A82A1A5D4C00C8A958 /* Sources */,
				BC3F81A92A1A5D4C00C8A958 /* Frameworks */,
				BC3F81AA2A1A5D4C00C8A958 /* Resources */,
			);
			buildRules = (
			);
			dependencies = (
				BC3F81AE2A1A5D4C00C8A958 /* PBXTargetDependency */,
			);
			name = WasteWiseUITests;
			productName = WasteWiseUITests;
			productReference = BC3F81AC2A1A5D4C00C8A958 /* WasteWiseUITests.xctest */;
			productType = "com.apple.product-type.bundle.ui-testing";
		};
/* End PBXNativeTarget section */

/* Begin PBXProject section */
		BC3F818A2A1A5D4B00C8A958 /* Project object */ = {
			isa = PBXProject;
			attributes = {
				BuildIndependentTargetsInParallel = 1;
				LastSwiftUpdateCheck = 1430;
				LastUpgradeCheck = 1430;
				TargetAttributes = {
					BC3F81912A1A5D4B00C8A958 = {
						CreatedOnToolsVersion = 14.3;
					};
					BC3F81A12A1A5D4B00C8A958 = {
						CreatedOnToolsVersion = 14.3;
						TestTargetID = BC3F81912A1A5D4B00C8A958;
					};
					BC3F81AB2A1A5D4C00C8A958 = {
						CreatedOnToolsVersion = 14.3;
						TestTargetID = BC3F81912A1A5D4B00C8A958;
					};
				};
			};
			buildConfigurationList = BC3F818D2A1A5D4B00C8A958 /* Build configuration list for PBXProject "WasteWise" */;
			compatibilityVersion = "Xcode 14.0";
			developmentRegion = en;
			hasScannedForEncodings = 0;
			knownRegions = (
				en,
				Base,
			);
			mainGroup = BC3F81892A1A5D4B00C8A958;
			productRefGroup = BC3F81932A1A5D4B00C8A958 /* Products */;
			projectDirPath = "";
			projectRoot = "";
			targets = (
				BC3F81912A1A5D4B00C8A958 /* WasteWise */,
				BC3F81A12A1A5D4B00C8A958 /* WasteWiseTests */,
				BC3F81AB2A1A5D4C00C8A958 /* WasteWiseUITests */,
			);
		};
/* End PBXProject section */

/* Begin PBXResourcesBuildPhase section */
		BC3F81902A1A5D4B00C8A958 /* Resources */ = {
			isa = PBXResourcesBuildPhase;
			buildActionMask = 2147483647;
			files = (
				BC3F819D2A1A5D4B00C8A958 /* Preview Assets.xcassets in Resources */,
				BC3F819A2A1A5D4B00C8A958 /* Assets.xcassets in Resources */,
			);
			runOnlyForDeploymentPostprocessing = 0;
		};
		BC3F81A02A1A5D4B00C8A958 /* Resources */ = {
			isa = PBXResourcesBuildPhase;
			buildActionMask = 2147483647;
			files = (
			);
			runOnlyForDeploymentPostprocessing = 0;
		};
		BC3F81AA2A1A5D4C00C8A958 /* Resources */ = {
			isa = PBXResourcesBuildPhase;
			buildActionMask = 2147483647;
			files = (
			);
			runOnlyForDeploymentPostprocessing = 0;
		};
/* End PBXResourcesBuildPhase section */

/* Begin PBXSourcesBuildPhase section */
		BC3F818E2A1A5D4B00C8A958 /* Sources */ = {
			isa = PBXSourcesBuildPhase;
			buildActionMask = 2147483647;
			files = (
				BCE2F8CB2A1CBA6800A3A2F8 /* CameraPreview.swift in Sources */,
				BC3F81C02A1A71F100C8A958 /* CameraView.swift in Sources */,
				BCE2F8C72A1CBA2300A3A2F8 /* CameraController.swift in Sources */,
				BC3F81982A1A5D4B00C8A958 /* ContentView.swift in Sources */,
				BCE2F8BF2A1C53ED00A3A2F8 /* WastetypeView.swift in Sources */,
				BC3F81962A1A5D4B00C8A958 /* WasteWiseApp.swift in Sources */,
				BCE2F8C32A1C682700A3A2F8 /* WasteClassifier.mlmodel in Sources */,
			);
			runOnlyForDeploymentPostprocessing = 0;
		};
		BC3F819E2A1A5D4B00C8A958 /* Sources */ = {
			isa = PBXSourcesBuildPhase;
			buildActionMask = 2147483647;
			files = (
				BC3F81A72A1A5D4C00C8A958 /* WasteWiseTests.swift in Sources */,
			);
			runOnlyForDeploymentPostprocessing = 0;
		};
		BC3F81A82A1A5D4C00C8A958 /* Sources */ = {
			isa = PBXSourcesBuildPhase;
			buildActionMask = 2147483647;
			files = (
				BC3F81B12A1A5D4C00C8A958 /* WasteWiseUITests.swift in Sources */,
				BC3F81B32A1A5D4C00C8A958 /* WasteWiseUITestsLaunchTests.swift in Sources */,
			);
			runOnlyForDeploymentPostprocessing = 0;
		};
/* End PBXSourcesBuildPhase section */

/* Begin PBXTargetDependency section */
		BC3F81A42A1A5D4B00C8A958 /* PBXTargetDependency */ = {
			isa = PBXTargetDependency;
			target = BC3F81912A1A5D4B00C8A958 /* WasteWise */;
			targetProxy = BC3F81A32A1A5D4B00C8A958 /* PBXContainerItemProxy */;
		};
		BC3F81AE2A1A5D4C00C8A958 /* PBXTargetDependency */ = {
			isa = PBXTargetDependency;
			target = BC3F81912A1A5D4B00C8A958 /* WasteWise */;
			targetProxy = BC3F81AD2A1A5D4C00C8A958 /* PBXContainerItemProxy */;
		};
/* End PBXTargetDependency section */

/* Begin XCBuildConfiguration section */
		BC3F81B42A1A5D4C00C8A958 /* Debug */ = {
			isa = XCBuildConfiguration;
			buildSettings = {
				ALWAYS_SEARCH_USER_PATHS = NO;
				CLANG_ANALYZER_NONNULL = YES;
				CLANG_ANALYZER_NUMBER_OBJECT_CONVERSION = YES_AGGRESSIVE;
				CLANG_CXX_LANGUAGE_STANDARD = "gnu++20";
				CLANG_ENABLE_MODULES = YES;
				CLANG_ENABLE_OBJC_ARC = YES;
				CLANG_ENABLE_OBJC_WEAK = YES;
				CLANG_WARN_BLOCK_CAPTURE_AUTORELEASING = YES;
				CLANG_WARN_BOOL_CONVERSION = YES;
				CLANG_WARN_COMMA = YES;
				CLANG_WARN_CONSTANT_CONVERSION = YES;
				CLANG_WARN_DEPRECATED_OBJC_IMPLEMENTATIONS = YES;
				CLANG_WARN_DIRECT_OBJC_ISA_USAGE = YES_ERROR;
				CLANG_WARN_DOCUMENTATION_COMMENTS = YES;
				CLANG_WARN_EMPTY_BODY = YES;
				CLANG_WARN_ENUM_CONVERSION = YES;
				CLANG_WARN_INFINITE_RECURSION = YES;
				CLANG_WARN_INT_CONVERSION = YES;
				CLANG_WARN_NON_LITERAL_NULL_CONVERSION = YES;
				CLANG_WARN_OBJC_IMPLICIT_RETAIN_SELF = YES;
				CLANG_WARN_OBJC_LITERAL_CONVERSION = YES;
				CLANG_WARN_OBJC_ROOT_CLASS = YES_ERROR;
				CLANG_WARN_QUOTED_INCLUDE_IN_FRAMEWORK_HEADER = YES;
				CLANG_WARN_RANGE_LOOP_ANALYSIS = YES;
				CLANG_WARN_STRICT_PROTOTYPES = YES;
				CLANG_WARN_SUSPICIOUS_MOVE = YES;
				CLANG_WARN_UNGUARDED_AVAILABILITY = YES_AGGRESSIVE;
				CLANG_WARN_UNREACHABLE_CODE = YES;
				CLANG_WARN__DUPLICATE_METHOD_MATCH = YES;
				COPY_PHASE_STRIP = NO;
				DEBUG_INFORMATION_FORMAT = dwarf;
				ENABLE_STRICT_OBJC_MSGSEND = YES;
				ENABLE_TESTABILITY = YES;
				GCC_C_LANGUAGE_STANDARD = gnu11;
				GCC_DYNAMIC_NO_PIC = NO;
				GCC_NO_COMMON_BLOCKS = YES;
				GCC_OPTIMIZATION_LEVEL = 0;
				GCC_PREPROCESSOR_DEFINITIONS = (
					"DEBUG=1",
					"$(inherited)",
				);
				GCC_WARN_64_TO_32_BIT_CONVERSION = YES;
				GCC_WARN_ABOUT_RETURN_TYPE = YES_ERROR;
				GCC_WARN_UNDECLARED_SELECTOR = YES;
				GCC_WARN_UNINITIALIZED_AUTOS = YES_AGGRESSIVE;
				GCC_WARN_UNUSED_FUNCTION = YES;
				GCC_WARN_UNUSED_VARIABLE = YES;
				IPHONEOS_DEPLOYMENT_TARGET = 16.4;
				MTL_ENABLE_DEBUG_INFO = INCLUDE_SOURCE;
				MTL_FAST_MATH = YES;
				ONLY_ACTIVE_ARCH = YES;
				SDKROOT = iphoneos;
				SWIFT_ACTIVE_COMPILATION_CONDITIONS = DEBUG;
				SWIFT_OPTIMIZATION_LEVEL = "-Onone";
			};
			name = Debug;
		};
		BC3F81B52A1A5D4C00C8A958 /* Release */ = {
			isa = XCBuildConfiguration;
			buildSettings = {
				ALWAYS_SEARCH_USER_PATHS = NO;
				CLANG_ANALYZER_NONNULL = YES;
				CLANG_ANALYZER_NUMBER_OBJECT_CONVERSION = YES_AGGRESSIVE;
				CLANG_CXX_LANGUAGE_STANDARD = "gnu++20";
				CLANG_ENABLE_MODULES = YES;
				CLANG_ENABLE_OBJC_ARC = YES;
				CLANG_ENABLE_OBJC_WEAK = YES;
				CLANG_WARN_BLOCK_CAPTURE_AUTORELEASING = YES;
				CLANG_WARN_BOOL_CONVERSION = YES;
				CLANG_WARN_COMMA = YES;
				CLANG_WARN_CONSTANT_CONVERSION = YES;
				CLANG_WARN_DEPRECATED_OBJC_IMPLEMENTATIONS = YES;
				CLANG_WARN_DIRECT_OBJC_ISA_USAGE = YES_ERROR;
				CLANG_WARN_DOCUMENTATION_COMMENTS = YES;
				CLANG_WARN_EMPTY_BODY = YES;
				CLANG_WARN_ENUM_CONVERSION = YES;
				CLANG_WARN_INFINITE_RECURSION = YES;
				CLANG_WARN_INT_CONVERSION = YES;
				CLANG_WARN_NON_LITERAL_NULL_CONVERSION = YES;
				CLANG_WARN_OBJC_IMPLICIT_RETAIN_SELF = YES;
				CLANG_WARN_OBJC_LITERAL_CONVERSION = YES;
				CLANG_WARN_OBJC_ROOT_CLASS = YES_ERROR;
				CLANG_WARN_QUOTED_INCLUDE_IN_FRAMEWORK_HEADER = YES;
				CLANG_WARN_RANGE_LOOP_ANALYSIS = YES;
				CLANG_WARN_STRICT_PROTOTYPES = YES;
				CLANG_WARN_SUSPICIOUS_MOVE = YES;
				CLANG_WARN_UNGUARDED_AVAILABILITY = YES_AGGRESSIVE;
				CLANG_WARN_UNREACHABLE_CODE = YES;
				CLANG_WARN__DUPLICATE_METHOD_MATCH = YES;
				COPY_PHASE_STRIP = NO;
				DEBUG_INFORMATION_FORMAT = "dwarf-with-dsym";
				ENABLE_NS_ASSERTIONS = NO;
				ENABLE_STRICT_OBJC_MSGSEND = YES;
				GCC_C_LANGUAGE_STANDARD = gnu11;
				GCC_NO_COMMON_BLOCKS = YES;
				GCC_WARN_64_TO_32_BIT_CONVERSION = YES;
				GCC_WARN_ABOUT_RETURN_TYPE = YES_ERROR;
				GCC_WARN_UNDECLARED_SELECTOR = YES;
				GCC_WARN_UNINITIALIZED_AUTOS = YES_AGGRESSIVE;
				GCC_WARN_UNUSED_FUNCTION = YES;
				GCC_WARN_UNUSED_VARIABLE = YES;
				IPHONEOS_DEPLOYMENT_TARGET = 16.4;
				MTL_ENABLE_DEBUG_INFO = NO;
				MTL_FAST_MATH = YES;
				SDKROOT = iphoneos;
				SWIFT_COMPILATION_MODE = wholemodule;
				SWIFT_OPTIMIZATION_LEVEL = "-O";
				VALIDATE_PRODUCT = YES;
			};
			name = Release;
		};
		BC3F81B72A1A5D4C00C8A958 /* Debug */ = {
			isa = XCBuildConfiguration;
			buildSettings = {
				ASSETCATALOG_COMPILER_APPICON_NAME = AppIcon;
				ASSETCATALOG_COMPILER_GLOBAL_ACCENT_COLOR_NAME = AccentColor;
				CODE_SIGN_STYLE = Automatic;
				CURRENT_PROJECT_VERSION = 1;
				DEVELOPMENT_ASSET_PATHS = "\"WasteWise/Preview Content\"";
				DEVELOPMENT_TEAM = 84RB5FBD69;
				ENABLE_PREVIEWS = YES;
				GENERATE_INFOPLIST_FILE = YES;
				INFOPLIST_FILE = WasteWise/Info.plist;
				INFOPLIST_KEY_UIApplicationSceneManifest_Generation = YES;
				INFOPLIST_KEY_UIApplicationSupportsIndirectInputEvents = YES;
				INFOPLIST_KEY_UILaunchScreen_Generation = YES;
				INFOPLIST_KEY_UISupportedInterfaceOrientations_iPad = "UIInterfaceOrientationPortrait UIInterfaceOrientationPortraitUpsideDown UIInterfaceOrientationLandscapeLeft UIInterfaceOrientationLandscapeRight";
				INFOPLIST_KEY_UISupportedInterfaceOrientations_iPhone = "UIInterfaceOrientationPortrait UIInterfaceOrientationLandscapeLeft UIInterfaceOrientationLandscapeRight";
				LD_RUNPATH_SEARCH_PATHS = (
					"$(inherited)",
					"@executable_path/Frameworks",
				);
				MARKETING_VERSION = 1.0;
				PRODUCT_BUNDLE_IDENTIFIER = ayshafzh.WasteWise;
				PRODUCT_NAME = "$(TARGET_NAME)";
				SWIFT_EMIT_LOC_STRINGS = YES;
				SWIFT_VERSION = 5.0;
				TARGETED_DEVICE_FAMILY = "1,2";
			};
			name = Debug;
		};
		BC3F81B82A1A5D4C00C8A958 /* Release */ = {
			isa = XCBuildConfiguration;
			buildSettings = {
				ASSETCATALOG_COMPILER_APPICON_NAME = AppIcon;
				ASSETCATALOG_COMPILER_GLOBAL_ACCENT_COLOR_NAME = AccentColor;
				CODE_SIGN_STYLE = Automatic;
				CURRENT_PROJECT_VERSION = 1;
				DEVELOPMENT_ASSET_PATHS = "\"WasteWise/Preview Content\"";
				DEVELOPMENT_TEAM = 84RB5FBD69;
				ENABLE_PREVIEWS = YES;
				GENERATE_INFOPLIST_FILE = YES;
				INFOPLIST_FILE = WasteWise/Info.plist;
				INFOPLIST_KEY_UIApplicationSceneManifest_Generation = YES;
				INFOPLIST_KEY_UIApplicationSupportsIndirectInputEvents = YES;
				INFOPLIST_KEY_UILaunchScreen_Generation = YES;
				INFOPLIST_KEY_UISupportedInterfaceOrientations_iPad = "UIInterfaceOrientationPortrait UIInterfaceOrientationPortraitUpsideDown UIInterfaceOrientationLandscapeLeft UIInterfaceOrientationLandscapeRight";
				INFOPLIST_KEY_UISupportedInterfaceOrientations_iPhone = "UIInterfaceOrientationPortrait UIInterfaceOrientationLandscapeLeft UIInterfaceOrientationLandscapeRight";
				LD_RUNPATH_SEARCH_PATHS = (
					"$(inherited)",
					"@executable_path/Frameworks",
				);
				MARKETING_VERSION = 1.0;
				PRODUCT_BUNDLE_IDENTIFIER = ayshafzh.WasteWise;
				PRODUCT_NAME = "$(TARGET_NAME)";
				SWIFT_EMIT_LOC_STRINGS = YES;
				SWIFT_VERSION = 5.0;
				TARGETED_DEVICE_FAMILY = "1,2";
			};
			name = Release;
		};
		BC3F81BA2A1A5D4C00C8A958 /* Debug */ = {
			isa = XCBuildConfiguration;
			buildSettings = {
				ALWAYS_EMBED_SWIFT_STANDARD_LIBRARIES = YES;
				BUNDLE_LOADER = "$(TEST_HOST)";
				CODE_SIGN_STYLE = Automatic;
				CURRENT_PROJECT_VERSION = 1;
				GENERATE_INFOPLIST_FILE = YES;
				IPHONEOS_DEPLOYMENT_TARGET = 16.4;
				MARKETING_VERSION = 1.0;
				PRODUCT_BUNDLE_IDENTIFIER = ayshafzh.WasteWiseTests;
				PRODUCT_NAME = "$(TARGET_NAME)";
				SWIFT_EMIT_LOC_STRINGS = NO;
				SWIFT_VERSION = 5.0;
				TARGETED_DEVICE_FAMILY = "1,2";
				TEST_HOST = "$(BUILT_PRODUCTS_DIR)/WasteWise.app/$(BUNDLE_EXECUTABLE_FOLDER_PATH)/WasteWise";
			};
			name = Debug;
		};
		BC3F81BB2A1A5D4C00C8A958 /* Release */ = {
			isa = XCBuildConfiguration;
			buildSettings = {
				ALWAYS_EMBED_SWIFT_STANDARD_LIBRARIES = YES;
				BUNDLE_LOADER = "$(TEST_HOST)";
				CODE_SIGN_STYLE = Automatic;
				CURRENT_PROJECT_VERSION = 1;
				GENERATE_INFOPLIST_FILE = YES;
				IPHONEOS_DEPLOYMENT_TARGET = 16.4;
				MARKETING_VERSION = 1.0;
				PRODUCT_BUNDLE_IDENTIFIER = ayshafzh.WasteWiseTests;
				PRODUCT_NAME = "$(TARGET_NAME)";
				SWIFT_EMIT_LOC_STRINGS = NO;
				SWIFT_VERSION = 5.0;
				TARGETED_DEVICE_FAMILY = "1,2";
				TEST_HOST = "$(BUILT_PRODUCTS_DIR)/WasteWise.app/$(BUNDLE_EXECUTABLE_FOLDER_PATH)/WasteWise";
			};
			name = Release;
		};
		BC3F81BD2A1A5D4C00C8A958 /* Debug */ = {
			isa = XCBuildConfiguration;
			buildSettings = {
				ALWAYS_EMBED_SWIFT_STANDARD_LIBRARIES = YES;
				CODE_SIGN_STYLE = Automatic;
				CURRENT_PROJECT_VERSION = 1;
				GENERATE_INFOPLIST_FILE = YES;
				MARKETING_VERSION = 1.0;
				PRODUCT_BUNDLE_IDENTIFIER = ayshafzh.WasteWiseUITests;
				PRODUCT_NAME = "$(TARGET_NAME)";
				SWIFT_EMIT_LOC_STRINGS = NO;
				SWIFT_VERSION = 5.0;
				TARGETED_DEVICE_FAMILY = "1,2";
				TEST_TARGET_NAME = WasteWise;
			};
			name = Debug;
		};
		BC3F81BE2A1A5D4C00C8A958 /* Release */ = {
			isa = XCBuildConfiguration;
			buildSettings = {
				ALWAYS_EMBED_SWIFT_STANDARD_LIBRARIES = YES;
				CODE_SIGN_STYLE = Automatic;
				CURRENT_PROJECT_VERSION = 1;
				GENERATE_INFOPLIST_FILE = YES;
				MARKETING_VERSION = 1.0;
				PRODUCT_BUNDLE_IDENTIFIER = ayshafzh.WasteWiseUITests;
				PRODUCT_NAME = "$(TARGET_NAME)";
				SWIFT_EMIT_LOC_STRINGS = NO;
				SWIFT_VERSION = 5.0;
				TARGETED_DEVICE_FAMILY = "1,2";
				TEST_TARGET_NAME = WasteWise;
			};
			name = Release;
		};
/* End XCBuildConfiguration section */

/* Begin XCConfigurationList section */
		BC3F818D2A1A5D4B00C8A958 /* Build configuration list for PBXProject "WasteWise" */ = {
			isa = XCConfigurationList;
			buildConfigurations = (
				BC3F81B42A1A5D4C00C8A958 /* Debug */,
				BC3F81B52A1A5D4C00C8A958 /* Release */,
			);
			defaultConfigurationIsVisible = 0;
			defaultConfigurationName = Release;
		};
		BC3F81B62A1A5D4C00C8A958 /* Build configuration list for PBXNativeTarget "WasteWise" */ = {
			isa = XCConfigurationList;
			buildConfigurations = (
				BC3F81B72A1A5D4C00C8A958 /* Debug */,
				BC3F81B82A1A5D4C00C8A958 /* Release */,
			);
			defaultConfigurationIsVisible = 0;
			defaultConfigurationName = Release;
		};
		BC3F81B92A1A5D4C00C8A958 /* Build configuration list for PBXNativeTarget "WasteWiseTests" */ = {
			isa = XCConfigurationList;
			buildConfigurations = (
				BC3F81BA2A1A5D4C00C8A958 /* Debug */,
				BC3F81BB2A1A5D4C00C8A958 /* Release */,
			);
			defaultConfigurationIsVisible = 0;
			defaultConfigurationName = Release;
		};
		BC3F81BC2A1A5D4C00C8A958 /* Build configuration list for PBXNativeTarget "WasteWiseUITests" */ = {
			isa = XCConfigurationList;
			buildConfigurations = (
				BC3F81BD2A1A5D4C00C8A958 /* Debug */,
				BC3F81BE2A1A5D4C00C8A958 /* Release */,
			);
			defaultConfigurationIsVisible = 0;
			defaultConfigurationName = Release;
		};
/* End XCConfigurationList section */
	};
	rootObject = BC3F818A2A1A5D4B00C8A958 /* Project object */;
}
